
Microsoft Visual Studio Solution File, Format Version 12.00
# Visual Studio Version 16
VisualStudioVersion = 16.0.30114.105
MinimumVisualStudioVersion = 10.0.40219.1
Project("{FAE04EC0-301F-11D3-BF4B-00C04F79EFBC}") = "OrderProcessingApplication", "OrderProcessingApplication\OrderProcessingApplication.csproj", "{644AAA77-BDE5-4E08-8619-870C63BF6882}"
EndProject
Project("{FAE04EC0-301F-11D3-BF4B-00C04F79EFBC}") = "OderProcessingUnitTest", "OderProcessingUnitTest\OderProcessingUnitTest.csproj", "{F17B9FDB-96EE-4B07-BE15-F36105E76B13}"
EndProject
Global
	GlobalSection(SolutionConfigurationPlatforms) = preSolution
		Debug|Any CPU = Debug|Any CPU
		Release|Any CPU = Release|Any CPU
	EndGlobalSection
	GlobalSection(ProjectConfigurationPlatforms) = postSolution
		{644AAA77-BDE5-4E08-8619-870C63BF6882}.Debug|Any CPU.ActiveCfg = Debug|Any CPU
		{644AAA77-BDE5-4E08-8619-870C63BF6882}.Debug|Any CPU.Build.0 = Debug|Any CPU
		{644AAA77-BDE5-4E08-8619-870C63BF6882}.Release|Any CPU.ActiveCfg = Release|Any CPU
		{644AAA77-BDE5-4E08-8619-870C63BF6882}.Release|Any CPU.Build.0 = Release|Any CPU
		{F17B9FDB-96EE-4B07-BE15-F36105E76B13}.Debug|Any CPU.ActiveCfg = Debug|Any CPU
		{F17B9FDB-96EE-4B07-BE15-F36105E76B13}.Debug|Any CPU.Build.0 = Debug|Any CPU
		{F17B9FDB-96EE-4B07-BE15-F36105E76B13}.Release|Any CPU.ActiveCfg = Release|Any CPU
		{F17B9FDB-96EE-4B07-BE15-F36105E76B13}.Release|Any CPU.Build.0 = Release|Any CPU
	EndGlobalSection
	GlobalSection(SolutionProperties) = preSolution
		HideSolutionNode = FALSE
	EndGlobalSection
	GlobalSection(ExtensibilityGlobals) = postSolution
		SolutionGuid = {70862786-855C-41D4-BE67-68FB95E5020E}
	EndGlobalSection
EndGlobal
